
Microsoft Visual Studio Solution File, Format Version 12.00
# Visual Studio Version 17
VisualStudioVersion = 17.7.34024.191
MinimumVisualStudioVersion = 10.0.40219.1
Project("{8BC9CEB8-8B4A-11D0-8D11-00A0C91BC942}") = "DecodeString", "DecodeString\DecodeString.vcxproj", "{A733ACE7-C09B-46AB-AB52-AE7D46FC62FB}"
EndProject
Project("{8BC9CEB8-8B4A-11D0-8D11-00A0C91BC942}") = "StringTests", "StringTests\StringTests.vcxproj", "{E1A6E29D-D9F4-41BE-9AEC-237D149872FB}"
EndProject
Global
	GlobalSection(SolutionConfigurationPlatforms) = preSolution
		Debug|x64 = Debug|x64
		Debug|x86 = Debug|x86
		Release|x64 = Release|x64
		Release|x86 = Release|x86
	EndGlobalSection
	GlobalSection(ProjectConfigurationPlatforms) = postSolution
		{A733ACE7-C09B-46AB-AB52-AE7D46FC62FB}.Debug|x64.ActiveCfg = Debug|x64
		{A733ACE7-C09B-46AB-AB52-AE7D46FC62FB}.Debug|x64.Build.0 = Debug|x64
		{A733ACE7-C09B-46AB-AB52-AE7D46FC62FB}.Debug|x86.ActiveCfg = Debug|Win32
		{A733ACE7-C09B-46AB-AB52-AE7D46FC62FB}.Debug|x86.Build.0 = Debug|Win32
		{A733ACE7-C09B-46AB-AB52-AE7D46FC62FB}.Release|x64.ActiveCfg = Release|x64
		{A733ACE7-C09B-46AB-AB52-AE7D46FC62FB}.Release|x64.Build.0 = Release|x64
		{A733ACE7-C09B-46AB-AB52-AE7D46FC62FB}.Release|x86.ActiveCfg = Release|Win32
		{A733ACE7-C09B-46AB-AB52-AE7D46FC62FB}.Release|x86.Build.0 = Release|Win32
		{E1A6E29D-D9F4-41BE-9AEC-237D149872FB}.Debug|x64.ActiveCfg = Debug|x64
		{E1A6E29D-D9F4-41BE-9AEC-237D149872FB}.Debug|x64.Build.0 = Debug|x64
		{E1A6E29D-D9F4-41BE-9AEC-237D149872FB}.Debug|x86.ActiveCfg = Debug|Win32
		{E1A6E29D-D9F4-41BE-9AEC-237D149872FB}.Debug|x86.Build.0 = Debug|Win32
		{E1A6E29D-D9F4-41BE-9AEC-237D149872FB}.Release|x64.ActiveCfg = Release|x64
		{E1A6E29D-D9F4-41BE-9AEC-237D149872FB}.Release|x64.Build.0 = Release|x64
		{E1A6E29D-D9F4-41BE-9AEC-237D149872FB}.Release|x86.ActiveCfg = Release|Win32
		{E1A6E29D-D9F4-41BE-9AEC-237D149872FB}.Release|x86.Build.0 = Release|Win32
	EndGlobalSection
	GlobalSection(SolutionProperties) = preSolution
		HideSolutionNode = FALSE
	EndGlobalSection
	GlobalSection(ExtensibilityGlobals) = postSolution
		SolutionGuid = {D86EA16E-A361-431A-AA8D-2C1537D28FE3}
	EndGlobalSection
EndGlobal
