
Microsoft Visual Studio Solution File, Format Version 12.00
# Visual Studio Version 17
VisualStudioVersion = 17.7.34024.191
MinimumVisualStudioVersion = 10.0.40219.1
Project("{8BC9CEB8-8B4A-11D0-8D11-00A0C91BC942}") = "vector", "vector\vector.vcxproj", "{A25435BB-F835-42AD-B31E-1BEBDDC8B4BB}"
EndProject
Project("{8BC9CEB8-8B4A-11D0-8D11-00A0C91BC942}") = "VectorTests", "VectorTests\VectorTests.vcxproj", "{DDE7559A-F1F3-48B0-B7ED-CFAFE7671E76}"
EndProject
Global
	GlobalSection(SolutionConfigurationPlatforms) = preSolution
		Debug|x64 = Debug|x64
		Debug|x86 = Debug|x86
		Release|x64 = Release|x64
		Release|x86 = Release|x86
	EndGlobalSection
	GlobalSection(ProjectConfigurationPlatforms) = postSolution
		{A25435BB-F835-42AD-B31E-1BEBDDC8B4BB}.Debug|x64.ActiveCfg = Debug|x64
		{A25435BB-F835-42AD-B31E-1BEBDDC8B4BB}.Debug|x64.Build.0 = Debug|x64
		{A25435BB-F835-42AD-B31E-1BEBDDC8B4BB}.Debug|x86.ActiveCfg = Debug|Win32
		{A25435BB-F835-42AD-B31E-1BEBDDC8B4BB}.Debug|x86.Build.0 = Debug|Win32
		{A25435BB-F835-42AD-B31E-1BEBDDC8B4BB}.Release|x64.ActiveCfg = Release|x64
		{A25435BB-F835-42AD-B31E-1BEBDDC8B4BB}.Release|x64.Build.0 = Release|x64
		{A25435BB-F835-42AD-B31E-1BEBDDC8B4BB}.Release|x86.ActiveCfg = Release|Win32
		{A25435BB-F835-42AD-B31E-1BEBDDC8B4BB}.Release|x86.Build.0 = Release|Win32
		{DDE7559A-F1F3-48B0-B7ED-CFAFE7671E76}.Debug|x64.ActiveCfg = Debug|x64
		{DDE7559A-F1F3-48B0-B7ED-CFAFE7671E76}.Debug|x64.Build.0 = Debug|x64
		{DDE7559A-F1F3-48B0-B7ED-CFAFE7671E76}.Debug|x86.ActiveCfg = Debug|Win32
		{DDE7559A-F1F3-48B0-B7ED-CFAFE7671E76}.Debug|x86.Build.0 = Debug|Win32
		{DDE7559A-F1F3-48B0-B7ED-CFAFE7671E76}.Release|x64.ActiveCfg = Release|x64
		{DDE7559A-F1F3-48B0-B7ED-CFAFE7671E76}.Release|x64.Build.0 = Release|x64
		{DDE7559A-F1F3-48B0-B7ED-CFAFE7671E76}.Release|x86.ActiveCfg = Release|Win32
		{DDE7559A-F1F3-48B0-B7ED-CFAFE7671E76}.Release|x86.Build.0 = Release|Win32
	EndGlobalSection
	GlobalSection(SolutionProperties) = preSolution
		HideSolutionNode = FALSE
	EndGlobalSection
	GlobalSection(ExtensibilityGlobals) = postSolution
		SolutionGuid = {D4467C25-EA90-4627-AACA-634F907A2739}
	EndGlobalSection
EndGlobal
